// !$*UTF8*$!
{
	archiveVersion = 1;
	classes = {
	};
	objectVersion = 48;
	objects = {

/* Begin PBXBuildFile section */
		C014C0B01FC3BD3B007363C1 /* AppDelegate.swift in Sources */ = {isa = PBXBuildFile; fileRef = C014C0AF1FC3BD3B007363C1 /* AppDelegate.swift */; };
		C014C0B21FC3BD3B007363C1 /* ViewController.swift in Sources */ = {isa = PBXBuildFile; fileRef = C014C0B11FC3BD3B007363C1 /* ViewController.swift */; };
		C014C0B51FC3BD3B007363C1 /* Main.storyboard in Resources */ = {isa = PBXBuildFile; fileRef = C014C0B31FC3BD3B007363C1 /* Main.storyboard */; };
		C014C0B71FC3BD3B007363C1 /* Assets.xcassets in Resources */ = {isa = PBXBuildFile; fileRef = C014C0B61FC3BD3B007363C1 /* Assets.xcassets */; };
		C014C0BA1FC3BD3B007363C1 /* LaunchScreen.storyboard in Resources */ = {isa = PBXBuildFile; fileRef = C014C0B81FC3BD3B007363C1 /* LaunchScreen.storyboard */; };
		C014C0C51FC3BD3B007363C1 /* GO_iOSTests.swift in Sources */ = {isa = PBXBuildFile; fileRef = C014C0C41FC3BD3B007363C1 /* GO_iOSTests.swift */; };
		C014C0D01FC3BD3B007363C1 /* GO_iOSUITests.swift in Sources */ = {isa = PBXBuildFile; fileRef = C014C0CF1FC3BD3B007363C1 /* GO_iOSUITests.swift */; };
/* End PBXBuildFile section */

/* Begin PBXContainerItemProxy section */
		C014C0C11FC3BD3B007363C1 /* PBXContainerItemProxy */ = {
			isa = PBXContainerItemProxy;
			containerPortal = C014C0A41FC3BD3B007363C1 /* Project object */;
			proxyType = 1;
			remoteGlobalIDString = C014C0AB1FC3BD3B007363C1;
			remoteInfo = "GO-iOS";
		};
		C014C0CC1FC3BD3B007363C1 /* PBXContainerItemProxy */ = {
			isa = PBXContainerItemProxy;
			containerPortal = C014C0A41FC3BD3B007363C1 /* Project object */;
			proxyType = 1;
			remoteGlobalIDString = C014C0AB1FC3BD3B007363C1;
			remoteInfo = "GO-iOS";
		};
/* End PBXContainerItemProxy section */

/* Begin PBXFileReference section */
		C014C0AC1FC3BD3B007363C1 /* GO-iOS.app */ = {isa = PBXFileReference; explicitFileType = wrapper.application; includeInIndex = 0; path = "GO-iOS.app"; sourceTree = BUILT_PRODUCTS_DIR; };
		C014C0AF1FC3BD3B007363C1 /* AppDelegate.swift */ = {isa = PBXFileReference; lastKnownFileType = sourcecode.swift; path = AppDelegate.swift; sourceTree = "<group>"; };
		C014C0B11FC3BD3B007363C1 /* ViewController.swift */ = {isa = PBXFileReference; lastKnownFileType = sourcecode.swift; path = ViewController.swift; sourceTree = "<group>"; };
		C014C0B41FC3BD3B007363C1 /* Base */ = {isa = PBXFileReference; lastKnownFileType = file.storyboard; name = Base; path = Base.lproj/Main.storyboard; sourceTree = "<group>"; };
		C014C0B61FC3BD3B007363C1 /* Assets.xcassets */ = {isa = PBXFileReference; lastKnownFileType = folder.assetcatalog; path = Assets.xcassets; sourceTree = "<group>"; };
		C014C0B91FC3BD3B007363C1 /* Base */ = {isa = PBXFileReference; lastKnownFileType = file.storyboard; name = Base; path = Base.lproj/LaunchScreen.storyboard; sourceTree = "<group>"; };
		C014C0BB1FC3BD3B007363C1 /* Info.plist */ = {isa = PBXFileReference; lastKnownFileType = text.plist.xml; path = Info.plist; sourceTree = "<group>"; };
		C014C0C01FC3BD3B007363C1 /* GO-iOSTests.xctest */ = {isa = PBXFileReference; explicitFileType = wrapper.cfbundle; includeInIndex = 0; path = "GO-iOSTests.xctest"; sourceTree = BUILT_PRODUCTS_DIR; };
		C014C0C41FC3BD3B007363C1 /* GO_iOSTests.swift */ = {isa = PBXFileReference; lastKnownFileType = sourcecode.swift; path = GO_iOSTests.swift; sourceTree = "<group>"; };
		C014C0C61FC3BD3B007363C1 /* Info.plist */ = {isa = PBXFileReference; lastKnownFileType = text.plist.xml; path = Info.plist; sourceTree = "<group>"; };
		C014C0CB1FC3BD3B007363C1 /* GO-iOSUITests.xctest */ = {isa = PBXFileReference; explicitFileType = wrapper.cfbundle; includeInIndex = 0; path = "GO-iOSUITests.xctest"; sourceTree = BUILT_PRODUCTS_DIR; };
		C014C0CF1FC3BD3B007363C1 /* GO_iOSUITests.swift */ = {isa = PBXFileReference; lastKnownFileType = sourcecode.swift; path = GO_iOSUITests.swift; sourceTree = "<group>"; };
		C014C0D11FC3BD3B007363C1 /* Info.plist */ = {isa = PBXFileReference; lastKnownFileType = text.plist.xml; path = Info.plist; sourceTree = "<group>"; };
/* End PBXFileReference section */

/* Begin PBXFrameworksBuildPhase section */
		C014C0A91FC3BD3B007363C1 /* Frameworks */ = {
			isa = PBXFrameworksBuildPhase;
			buildActionMask = 2147483647;
			files = (
			);
			runOnlyForDeploymentPostprocessing = 0;
		};
		C014C0BD1FC3BD3B007363C1 /* Frameworks */ = {
			isa = PBXFrameworksBuildPhase;
			buildActionMask = 2147483647;
			files = (
			);
			runOnlyForDeploymentPostprocessing = 0;
		};
		C014C0C81FC3BD3B007363C1 /* Frameworks */ = {
			isa = PBXFrameworksBuildPhase;
			buildActionMask = 2147483647;
			files = (
			);
			runOnlyForDeploymentPostprocessing = 0;
		};
/* End PBXFrameworksBuildPhase section */

/* Begin PBXGroup section */
		C014C0A31FC3BD3B007363C1 = {
			isa = PBXGroup;
			children = (
				C014C0AE1FC3BD3B007363C1 /* GO-iOS */,
				C014C0C31FC3BD3B007363C1 /* GO-iOSTests */,
				C014C0CE1FC3BD3B007363C1 /* GO-iOSUITests */,
				C014C0AD1FC3BD3B007363C1 /* Products */,
			);
			sourceTree = "<group>";
		};
		C014C0AD1FC3BD3B007363C1 /* Products */ = {
			isa = PBXGroup;
			children = (
				C014C0AC1FC3BD3B007363C1 /* GO-iOS.app */,
				C014C0C01FC3BD3B007363C1 /* GO-iOSTests.xctest */,
				C014C0CB1FC3BD3B007363C1 /* GO-iOSUITests.xctest */,
			);
			name = Products;
			sourceTree = "<group>";
		};
		C014C0AE1FC3BD3B007363C1 /* GO-iOS */ = {
			isa = PBXGroup;
			children = (
				C014C0AF1FC3BD3B007363C1 /* AppDelegate.swift */,
				C014C0B11FC3BD3B007363C1 /* ViewController.swift */,
				C014C0B31FC3BD3B007363C1 /* Main.storyboard */,
				C014C0B61FC3BD3B007363C1 /* Assets.xcassets */,
				C014C0B81FC3BD3B007363C1 /* LaunchScreen.storyboard */,
				C014C0BB1FC3BD3B007363C1 /* Info.plist */,
			);
			path = "GO-iOS";
			sourceTree = "<group>";
		};
		C014C0C31FC3BD3B007363C1 /* GO-iOSTests */ = {
			isa = PBXGroup;
			children = (
				C014C0C41FC3BD3B007363C1 /* GO_iOSTests.swift */,
				C014C0C61FC3BD3B007363C1 /* Info.plist */,
			);
			path = "GO-iOSTests";
			sourceTree = "<group>";
		};
		C014C0CE1FC3BD3B007363C1 /* GO-iOSUITests */ = {
			isa = PBXGroup;
			children = (
				C014C0CF1FC3BD3B007363C1 /* GO_iOSUITests.swift */,
				C014C0D11FC3BD3B007363C1 /* Info.plist */,
			);
			path = "GO-iOSUITests";
			sourceTree = "<group>";
		};
/* End PBXGroup section */

/* Begin PBXNativeTarget section */
		C014C0AB1FC3BD3B007363C1 /* GO-iOS */ = {
			isa = PBXNativeTarget;
			buildConfigurationList = C014C0D41FC3BD3B007363C1 /* Build configuration list for PBXNativeTarget "GO-iOS" */;
			buildPhases = (
				C014C0A81FC3BD3B007363C1 /* Sources */,
				C014C0A91FC3BD3B007363C1 /* Frameworks */,
				C014C0AA1FC3BD3B007363C1 /* Resources */,
			);
			buildRules = (
			);
			dependencies = (
			);
			name = "GO-iOS";
			productName = "GO-iOS";
			productReference = C014C0AC1FC3BD3B007363C1 /* GO-iOS.app */;
			productType = "com.apple.product-type.application";
		};
		C014C0BF1FC3BD3B007363C1 /* GO-iOSTests */ = {
			isa = PBXNativeTarget;
			buildConfigurationList = C014C0D71FC3BD3B007363C1 /* Build configuration list for PBXNativeTarget "GO-iOSTests" */;
			buildPhases = (
				C014C0BC1FC3BD3B007363C1 /* Sources */,
				C014C0BD1FC3BD3B007363C1 /* Frameworks */,
				C014C0BE1FC3BD3B007363C1 /* Resources */,
			);
			buildRules = (
			);
			dependencies = (
				C014C0C21FC3BD3B007363C1 /* PBXTargetDependency */,
			);
			name = "GO-iOSTests";
			productName = "GO-iOSTests";
			productReference = C014C0C01FC3BD3B007363C1 /* GO-iOSTests.xctest */;
			productType = "com.apple.product-type.bundle.unit-test";
		};
		C014C0CA1FC3BD3B007363C1 /* GO-iOSUITests */ = {
			isa = PBXNativeTarget;
			buildConfigurationList = C014C0DA1FC3BD3B007363C1 /* Build configuration list for PBXNativeTarget "GO-iOSUITests" */;
			buildPhases = (
				C014C0C71FC3BD3B007363C1 /* Sources */,
				C014C0C81FC3BD3B007363C1 /* Frameworks */,
				C014C0C91FC3BD3B007363C1 /* Resources */,
			);
			buildRules = (
			);
			dependencies = (
				C014C0CD1FC3BD3B007363C1 /* PBXTargetDependency */,
			);
			name = "GO-iOSUITests";
			productName = "GO-iOSUITests";
			productReference = C014C0CB1FC3BD3B007363C1 /* GO-iOSUITests.xctest */;
			productType = "com.apple.product-type.bundle.ui-testing";
		};
/* End PBXNativeTarget section */

/* Begin PBXProject section */
		C014C0A41FC3BD3B007363C1 /* Project object */ = {
			isa = PBXProject;
			attributes = {
				LastSwiftUpdateCheck = 0910;
				LastUpgradeCheck = 0910;
				ORGANIZATIONNAME = "Gabriel Leyva Merino";
				TargetAttributes = {
					C014C0AB1FC3BD3B007363C1 = {
						CreatedOnToolsVersion = 9.1;
						ProvisioningStyle = Automatic;
					};
					C014C0BF1FC3BD3B007363C1 = {
						CreatedOnToolsVersion = 9.1;
						ProvisioningStyle = Automatic;
						TestTargetID = C014C0AB1FC3BD3B007363C1;
					};
					C014C0CA1FC3BD3B007363C1 = {
						CreatedOnToolsVersion = 9.1;
						ProvisioningStyle = Automatic;
						TestTargetID = C014C0AB1FC3BD3B007363C1;
					};
				};
			};
			buildConfigurationList = C014C0A71FC3BD3B007363C1 /* Build configuration list for PBXProject "GO-iOS" */;
			compatibilityVersion = "Xcode 8.0";
			developmentRegion = en;
			hasScannedForEncodings = 0;
			knownRegions = (
				en,
				Base,
			);
			mainGroup = C014C0A31FC3BD3B007363C1;
			productRefGroup = C014C0AD1FC3BD3B007363C1 /* Products */;
			projectDirPath = "";
			projectRoot = "";
			targets = (
				C014C0AB1FC3BD3B007363C1 /* GO-iOS */,
				C014C0BF1FC3BD3B007363C1 /* GO-iOSTests */,
				C014C0CA1FC3BD3B007363C1 /* GO-iOSUITests */,
			);
		};
/* End PBXProject section */

/* Begin PBXResourcesBuildPhase section */
		C014C0AA1FC3BD3B007363C1 /* Resources */ = {
			isa = PBXResourcesBuildPhase;
			buildActionMask = 2147483647;
			files = (
				C014C0BA1FC3BD3B007363C1 /* LaunchScreen.storyboard in Resources */,
				C014C0B71FC3BD3B007363C1 /* Assets.xcassets in Resources */,
				C014C0B51FC3BD3B007363C1 /* Main.storyboard in Resources */,
			);
			runOnlyForDeploymentPostprocessing = 0;
		};
		C014C0BE1FC3BD3B007363C1 /* Resources */ = {
			isa = PBXResourcesBuildPhase;
			buildActionMask = 2147483647;
			files = (
			);
			runOnlyForDeploymentPostprocessing = 0;
		};
		C014C0C91FC3BD3B007363C1 /* Resources */ = {
			isa = PBXResourcesBuildPhase;
			buildActionMask = 2147483647;
			files = (
			);
			runOnlyForDeploymentPostprocessing = 0;
		};
/* End PBXResourcesBuildPhase section */

/* Begin PBXSourcesBuildPhase section */
		C014C0A81FC3BD3B007363C1 /* Sources */ = {
			isa = PBXSourcesBuildPhase;
			buildActionMask = 2147483647;
			files = (
				C014C0B21FC3BD3B007363C1 /* ViewController.swift in Sources */,
				C014C0B01FC3BD3B007363C1 /* AppDelegate.swift in Sources */,
			);
			runOnlyForDeploymentPostprocessing = 0;
		};
		C014C0BC1FC3BD3B007363C1 /* Sources */ = {
			isa = PBXSourcesBuildPhase;
			buildActionMask = 2147483647;
			files = (
				C014C0C51FC3BD3B007363C1 /* GO_iOSTests.swift in Sources */,
			);
			runOnlyForDeploymentPostprocessing = 0;
		};
		C014C0C71FC3BD3B007363C1 /* Sources */ = {
			isa = PBXSourcesBuildPhase;
			buildActionMask = 2147483647;
			files = (
				C014C0D01FC3BD3B007363C1 /* GO_iOSUITests.swift in Sources */,
			);
			runOnlyForDeploymentPostprocessing = 0;
		};
/* End PBXSourcesBuildPhase section */

/* Begin PBXTargetDependency section */
		C014C0C21FC3BD3B007363C1 /* PBXTargetDependency */ = {
			isa = PBXTargetDependency;
			target = C014C0AB1FC3BD3B007363C1 /* GO-iOS */;
			targetProxy = C014C0C11FC3BD3B007363C1 /* PBXContainerItemProxy */;
		};
		C014C0CD1FC3BD3B007363C1 /* PBXTargetDependency */ = {
			isa = PBXTargetDependency;
			target = C014C0AB1FC3BD3B007363C1 /* GO-iOS */;
			targetProxy = C014C0CC1FC3BD3B007363C1 /* PBXContainerItemProxy */;
		};
/* End PBXTargetDependency section */

/* Begin PBXVariantGroup section */
		C014C0B31FC3BD3B007363C1 /* Main.storyboard */ = {
			isa = PBXVariantGroup;
			children = (
				C014C0B41FC3BD3B007363C1 /* Base */,
			);
			name = Main.storyboard;
			sourceTree = "<group>";
		};
		C014C0B81FC3BD3B007363C1 /* LaunchScreen.storyboard */ = {
			isa = PBXVariantGroup;
			children = (
				C014C0B91FC3BD3B007363C1 /* Base */,
			);
			name = LaunchScreen.storyboard;
			sourceTree = "<group>";
		};
/* End PBXVariantGroup section */

/* Begin XCBuildConfiguration section */
		C014C0D21FC3BD3B007363C1 /* Debug */ = {
			isa = XCBuildConfiguration;
			buildSettings = {
				ALWAYS_SEARCH_USER_PATHS = NO;
				CLANG_ANALYZER_NONNULL = YES;
				CLANG_ANALYZER_NUMBER_OBJECT_CONVERSION = YES_AGGRESSIVE;
				CLANG_CXX_LANGUAGE_STANDARD = "gnu++14";
				CLANG_CXX_LIBRARY = "libc++";
				CLANG_ENABLE_MODULES = YES;
				CLANG_ENABLE_OBJC_ARC = YES;
				CLANG_WARN_BLOCK_CAPTURE_AUTORELEASING = YES;
				CLANG_WARN_BOOL_CONVERSION = YES;
				CLANG_WARN_COMMA = YES;
				CLANG_WARN_CONSTANT_CONVERSION = YES;
				CLANG_WARN_DIRECT_OBJC_ISA_USAGE = YES_ERROR;
				CLANG_WARN_DOCUMENTATION_COMMENTS = YES;
				CLANG_WARN_EMPTY_BODY = YES;
				CLANG_WARN_ENUM_CONVERSION = YES;
				CLANG_WARN_INFINITE_RECURSION = YES;
				CLANG_WARN_INT_CONVERSION = YES;
				CLANG_WARN_NON_LITERAL_NULL_CONVERSION = YES;
				CLANG_WARN_OBJC_LITERAL_CONVERSION = YES;
				CLANG_WARN_OBJC_ROOT_CLASS = YES_ERROR;
				CLANG_WARN_RANGE_LOOP_ANALYSIS = YES;
				CLANG_WARN_STRICT_PROTOTYPES = YES;
				CLANG_WARN_SUSPICIOUS_MOVE = YES;
				CLANG_WARN_UNGUARDED_AVAILABILITY = YES_AGGRESSIVE;
				CLANG_WARN_UNREACHABLE_CODE = YES;
				CLANG_WARN__DUPLICATE_METHOD_MATCH = YES;
				CODE_SIGN_IDENTITY = "iPhone Developer";
				COPY_PHASE_STRIP = NO;
				DEBUG_INFORMATION_FORMAT = dwarf;
				ENABLE_STRICT_OBJC_MSGSEND = YES;
				ENABLE_TESTABILITY = YES;
				GCC_C_LANGUAGE_STANDARD = gnu11;
				GCC_DYNAMIC_NO_PIC = NO;
				GCC_NO_COMMON_BLOCKS = YES;
				GCC_OPTIMIZATION_LEVEL = 0;
				GCC_PREPROCESSOR_DEFINITIONS = (
					"DEBUG=1",
					"$(inherited)",
				);
				GCC_WARN_64_TO_32_BIT_CONVERSION = YES;
				GCC_WARN_ABOUT_RETURN_TYPE = YES_ERROR;
				GCC_WARN_UNDECLARED_SELECTOR = YES;
				GCC_WARN_UNINITIALIZED_AUTOS = YES_AGGRESSIVE;
				GCC_WARN_UNUSED_FUNCTION = YES;
				GCC_WARN_UNUSED_VARIABLE = YES;
				IPHONEOS_DEPLOYMENT_TARGET = 11.1;
				MTL_ENABLE_DEBUG_INFO = YES;
				ONLY_ACTIVE_ARCH = YES;
				SDKROOT = iphoneos;
				SWIFT_ACTIVE_COMPILATION_CONDITIONS = DEBUG;
				SWIFT_OPTIMIZATION_LEVEL = "-Onone";
			};
			name = Debug;
		};
		C014C0D31FC3BD3B007363C1 /* Release */ = {
			isa = XCBuildConfiguration;
			buildSettings = {
				ALWAYS_SEARCH_USER_PATHS = NO;
				CLANG_ANALYZER_NONNULL = YES;
				CLANG_ANALYZER_NUMBER_OBJECT_CONVERSION = YES_AGGRESSIVE;
				CLANG_CXX_LANGUAGE_STANDARD = "gnu++14";
				CLANG_CXX_LIBRARY = "libc++";
				CLANG_ENABLE_MODULES = YES;
				CLANG_ENABLE_OBJC_ARC = YES;
				CLANG_WARN_BLOCK_CAPTURE_AUTORELEASING = YES;
				CLANG_WARN_BOOL_CONVERSION = YES;
				CLANG_WARN_COMMA = YES;
				CLANG_WARN_CONSTANT_CONVERSION = YES;
				CLANG_WARN_DIRECT_OBJC_ISA_USAGE = YES_ERROR;
				CLANG_WARN_DOCUMENTATION_COMMENTS = YES;
				CLANG_WARN_EMPTY_BODY = YES;
				CLANG_WARN_ENUM_CONVERSION = YES;
				CLANG_WARN_INFINITE_RECURSION = YES;
				CLANG_WARN_INT_CONVERSION = YES;
				CLANG_WARN_NON_LITERAL_NULL_CONVERSION = YES;
				CLANG_WARN_OBJC_LITERAL_CONVERSION = YES;
				CLANG_WARN_OBJC_ROOT_CLASS = YES_ERROR;
				CLANG_WARN_RANGE_LOOP_ANALYSIS = YES;
				CLANG_WARN_STRICT_PROTOTYPES = YES;
				CLANG_WARN_SUSPICIOUS_MOVE = YES;
				CLANG_WARN_UNGUARDED_AVAILABILITY = YES_AGGRESSIVE;
				CLANG_WARN_UNREACHABLE_CODE = YES;
				CLANG_WARN__DUPLICATE_METHOD_MATCH = YES;
				CODE_SIGN_IDENTITY = "iPhone Developer";
				COPY_PHASE_STRIP = NO;
				DEBUG_INFORMATION_FORMAT = "dwarf-with-dsym";
				ENABLE_NS_ASSERTIONS = NO;
				ENABLE_STRICT_OBJC_MSGSEND = YES;
				GCC_C_LANGUAGE_STANDARD = gnu11;
				GCC_NO_COMMON_BLOCKS = YES;
				GCC_WARN_64_TO_32_BIT_CONVERSION = YES;
				GCC_WARN_ABOUT_RETURN_TYPE = YES_ERROR;
				GCC_WARN_UNDECLARED_SELECTOR = YES;
				GCC_WARN_UNINITIALIZED_AUTOS = YES_AGGRESSIVE;
				GCC_WARN_UNUSED_FUNCTION = YES;
				GCC_WARN_UNUSED_VARIABLE = YES;
				IPHONEOS_DEPLOYMENT_TARGET = 11.1;
				MTL_ENABLE_DEBUG_INFO = NO;
				SDKROOT = iphoneos;
				SWIFT_OPTIMIZATION_LEVEL = "-Owholemodule";
				VALIDATE_PRODUCT = YES;
			};
			name = Release;
		};
		C014C0D51FC3BD3B007363C1 /* Debug */ = {
			isa = XCBuildConfiguration;
			buildSettings = {
				ASSETCATALOG_COMPILER_APPICON_NAME = AppIcon;
				CODE_SIGN_STYLE = Automatic;
				DEVELOPMENT_TEAM = 54AV24VF28;
				INFOPLIST_FILE = "GO-iOS/Info.plist";
				LD_RUNPATH_SEARCH_PATHS = "$(inherited) @executable_path/Frameworks";
				PRODUCT_BUNDLE_IDENTIFIER = "com.LeyvaMerino.GO-iOS";
				PRODUCT_NAME = "$(TARGET_NAME)";
				SWIFT_VERSION = 4.0;
				TARGETED_DEVICE_FAMILY = "1,2";
			};
			name = Debug;
		};
		C014C0D61FC3BD3B007363C1 /* Release */ = {
			isa = XCBuildConfiguration;
			buildSettings = {
				ASSETCATALOG_COMPILER_APPICON_NAME = AppIcon;
				CODE_SIGN_STYLE = Automatic;
				DEVELOPMENT_TEAM = 54AV24VF28;
				INFOPLIST_FILE = "GO-iOS/Info.plist";
				LD_RUNPATH_SEARCH_PATHS = "$(inherited) @executable_path/Frameworks";
				PRODUCT_BUNDLE_IDENTIFIER = "com.LeyvaMerino.GO-iOS";
				PRODUCT_NAME = "$(TARGET_NAME)";
				SWIFT_VERSION = 4.0;
				TARGETED_DEVICE_FAMILY = "1,2";
			};
			name = Release;
		};
		C014C0D81FC3BD3B007363C1 /* Debug */ = {
			isa = XCBuildConfiguration;
			buildSettings = {
				ALWAYS_EMBED_SWIFT_STANDARD_LIBRARIES = YES;
				BUNDLE_LOADER = "$(TEST_HOST)";
				CODE_SIGN_STYLE = Automatic;
				DEVELOPMENT_TEAM = 54AV24VF28;
				INFOPLIST_FILE = "GO-iOSTests/Info.plist";
				LD_RUNPATH_SEARCH_PATHS = "$(inherited) @executable_path/Frameworks @loader_path/Frameworks";
				PRODUCT_BUNDLE_IDENTIFIER = "com.LeyvaMerino.GO-iOSTests";
				PRODUCT_NAME = "$(TARGET_NAME)";
				SWIFT_VERSION = 4.0;
				TARGETED_DEVICE_FAMILY = "1,2";
				TEST_HOST = "$(BUILT_PRODUCTS_DIR)/GO-iOS.app/GO-iOS";
			};
			name = Debug;
		};
		C014C0D91FC3BD3B007363C1 /* Release */ = {
			isa = XCBuildConfiguration;
			buildSettings = {
				ALWAYS_EMBED_SWIFT_STANDARD_LIBRARIES = YES;
				BUNDLE_LOADER = "$(TEST_HOST)";
				CODE_SIGN_STYLE = Automatic;
				DEVELOPMENT_TEAM = 54AV24VF28;
				INFOPLIST_FILE = "GO-iOSTests/Info.plist";
				LD_RUNPATH_SEARCH_PATHS = "$(inherited) @executable_path/Frameworks @loader_path/Frameworks";
				PRODUCT_BUNDLE_IDENTIFIER = "com.LeyvaMerino.GO-iOSTests";
				PRODUCT_NAME = "$(TARGET_NAME)";
				SWIFT_VERSION = 4.0;
				TARGETED_DEVICE_FAMILY = "1,2";
				TEST_HOST = "$(BUILT_PRODUCTS_DIR)/GO-iOS.app/GO-iOS";
			};
			name = Release;
		};
		C014C0DB1FC3BD3B007363C1 /* Debug */ = {
			isa = XCBuildConfiguration;
			buildSettings = {
				ALWAYS_EMBED_SWIFT_STANDARD_LIBRARIES = YES;
				CODE_SIGN_STYLE = Automatic;
				DEVELOPMENT_TEAM = 54AV24VF28;
				INFOPLIST_FILE = "GO-iOSUITests/Info.plist";
				LD_RUNPATH_SEARCH_PATHS = "$(inherited) @executable_path/Frameworks @loader_path/Frameworks";
				PRODUCT_BUNDLE_IDENTIFIER = "com.LeyvaMerino.GO-iOSUITests";
				PRODUCT_NAME = "$(TARGET_NAME)";
				SWIFT_VERSION = 4.0;
				TARGETED_DEVICE_FAMILY = "1,2";
				TEST_TARGET_NAME = "GO-iOS";
			};
			name = Debug;
		};
		C014C0DC1FC3BD3B007363C1 /* Release */ = {
			isa = XCBuildConfiguration;
			buildSettings = {
				ALWAYS_EMBED_SWIFT_STANDARD_LIBRARIES = YES;
				CODE_SIGN_STYLE = Automatic;
				DEVELOPMENT_TEAM = 54AV24VF28;
				INFOPLIST_FILE = "GO-iOSUITests/Info.plist";
				LD_RUNPATH_SEARCH_PATHS = "$(inherited) @executable_path/Frameworks @loader_path/Frameworks";
				PRODUCT_BUNDLE_IDENTIFIER = "com.LeyvaMerino.GO-iOSUITests";
				PRODUCT_NAME = "$(TARGET_NAME)";
				SWIFT_VERSION = 4.0;
				TARGETED_DEVICE_FAMILY = "1,2";
				TEST_TARGET_NAME = "GO-iOS";
			};
			name = Release;
		};
/* End XCBuildConfiguration section */

/* Begin XCConfigurationList section */
		C014C0A71FC3BD3B007363C1 /* Build configuration list for PBXProject "GO-iOS" */ = {
			isa = XCConfigurationList;
			buildConfigurations = (
				C014C0D21FC3BD3B007363C1 /* Debug */,
				C014C0D31FC3BD3B007363C1 /* Release */,
			);
			defaultConfigurationIsVisible = 0;
			defaultConfigurationName = Release;
		};
		C014C0D41FC3BD3B007363C1 /* Build configuration list for PBXNativeTarget "GO-iOS" */ = {
			isa = XCConfigurationList;
			buildConfigurations = (
				C014C0D51FC3BD3B007363C1 /* Debug */,
				C014C0D61FC3BD3B007363C1 /* Release */,
			);
			defaultConfigurationIsVisible = 0;
			defaultConfigurationName = Release;
		};
		C014C0D71FC3BD3B007363C1 /* Build configuration list for PBXNativeTarget "GO-iOSTests" */ = {
			isa = XCConfigurationList;
			buildConfigurations = (
				C014C0D81FC3BD3B007363C1 /* Debug */,
				C014C0D91FC3BD3B007363C1 /* Release */,
			);
			defaultConfigurationIsVisible = 0;
			defaultConfigurationName = Release;
		};
		C014C0DA1FC3BD3B007363C1 /* Build configuration list for PBXNativeTarget "GO-iOSUITests" */ = {
			isa = XCConfigurationList;
			buildConfigurations = (
				C014C0DB1FC3BD3B007363C1 /* Debug */,
				C014C0DC1FC3BD3B007363C1 /* Release */,
			);
			defaultConfigurationIsVisible = 0;
			defaultConfigurationName = Release;
		};
/* End XCConfigurationList section */
	};
	rootObject = C014C0A41FC3BD3B007363C1 /* Project object */;
}
